
Microsoft Visual Studio Solution File, Format Version 12.00
# Visual Studio Version 17
VisualStudioVersion = 17.9.34902.65
MinimumVisualStudioVersion = 10.0.40219.1
Project("{9A19103F-16F7-4668-BE54-9A1E7A4F7556}") = "DesignPattern", "DesignPattern.csproj", "{C9F118B8-7168-413B-9B37-FA120AB40DA2}"
EndProject
Global
	GlobalSection(SolutionConfigurationPlatforms) = preSolution
		Debug|Any CPU = Debug|Any CPU
		Release|Any CPU = Release|Any CPU
	EndGlobalSection
	GlobalSection(ProjectConfigurationPlatforms) = postSolution
		{C9F118B8-7168-413B-9B37-FA120AB40DA2}.Debug|Any CPU.ActiveCfg = Debug|Any CPU
		{C9F118B8-7168-413B-9B37-FA120AB40DA2}.Debug|Any CPU.Build.0 = Debug|Any CPU
		{C9F118B8-7168-413B-9B37-FA120AB40DA2}.Release|Any CPU.ActiveCfg = Release|Any CPU
		{C9F118B8-7168-413B-9B37-FA120AB40DA2}.Release|Any CPU.Build.0 = Release|Any CPU
	EndGlobalSection
	GlobalSection(SolutionProperties) = preSolution
		HideSolutionNode = FALSE
	EndGlobalSection
	GlobalSection(ExtensibilityGlobals) = postSolution
		SolutionGuid = {4C8FE0A7-8326-47A5-AEB1-3F004A7A6365}
	EndGlobalSection
EndGlobal
